
Microsoft Visual Studio Solution File, Format Version 12.00
# Visual Studio Version 16
VisualStudioVersion = 16.0.31005.135
MinimumVisualStudioVersion = 10.0.40219.1
Project("{9A19103F-16F7-4668-BE54-9A1E7A4F7556}") = "WebSS", "WebSS\WebSS.csproj", "{6836E6EE-8706-490C-B815-AC180DE31BF2}"
EndProject
Global
	GlobalSection(SolutionConfigurationPlatforms) = preSolution
		Debug|Any CPU = Debug|Any CPU
		Release|Any CPU = Release|Any CPU
	EndGlobalSection
	GlobalSection(ProjectConfigurationPlatforms) = postSolution
		{6836E6EE-8706-490C-B815-AC180DE31BF2}.Debug|Any CPU.ActiveCfg = Debug|Any CPU
		{6836E6EE-8706-490C-B815-AC180DE31BF2}.Debug|Any CPU.Build.0 = Debug|Any CPU
		{6836E6EE-8706-490C-B815-AC180DE31BF2}.Release|Any CPU.ActiveCfg = Release|Any CPU
		{6836E6EE-8706-490C-B815-AC180DE31BF2}.Release|Any CPU.Build.0 = Release|Any CPU
	EndGlobalSection
	GlobalSection(SolutionProperties) = preSolution
		HideSolutionNode = FALSE
	EndGlobalSection
	GlobalSection(ExtensibilityGlobals) = postSolution
		SolutionGuid = {E90680AC-C134-4945-B24F-F324E515F8F2}
	EndGlobalSection
EndGlobal
